<?xml version="1.0" encoding="utf-8"?>
<Project ToolsVersion="16.0" xmlns="http://schemas.microsoft.com/developer/msbuild/2003">
  <ItemGroup>
    <CustomBuild Include="C:\Dependencies\Repos\llvm-project\Build\CMakeFiles\6c8ca35fd2b754cac075bb355cd52111\OMP.h.inc.rule">
      <Filter>CMake Rules</Filter>
    </CustomBuild>
    <CustomBuild Include="C:\Dependencies\Repos\llvm-project\Build\CMakeFiles\6c8ca35fd2b754cac075bb355cd52111\OMP.inc.rule">
      <Filter>CMake Rules</Filter>
    </CustomBuild>
    <CustomBuild Include="C:\Dependencies\Repos\llvm-project\Build\CMakeFiles\869e384672754cabf4366dadcdfa09bb\omp_gen.rule">
      <Filter>CMake Rules</Filter>
    </CustomBuild>
    <CustomBuild Include="C:\Dependencies\Repos\llvm-project\llvm\include\llvm\Frontend\OpenMP\CMakeLists.txt" />
  </ItemGroup>
  <ItemGroup>
    <None Include="C:\Dependencies\Repos\llvm-project\Build\include\llvm\Frontend\OpenMP\CMakeFiles\omp_gen" />
  </ItemGroup>
  <ItemGroup>
    <Filter Include="CMake Rules">
      <UniqueIdentifier>{910E9F2D-9F75-3297-BC33-F7AD12D32EAB}</UniqueIdentifier>
    </Filter>
  </ItemGroup>
</Project>
