<?xml version="1.0" encoding="utf-8"?>
<Project ToolsVersion="16.0" xmlns="http://schemas.microsoft.com/developer/msbuild/2003">
  <ItemGroup>
    <CustomBuild Include="C:\Dependencies\Repos\llvm-project\Build\CMakeFiles\f1a1cb4779d03c04f83fcc15c5e04b37\PACKAGE_force.rule">
      <Filter>CMake Rules</Filter>
    </CustomBuild>
  </ItemGroup>
  <ItemGroup>
    <Filter Include="CMake Rules">
      <UniqueIdentifier>{910E9F2D-9F75-3297-BC33-F7AD12D32EAB}</UniqueIdentifier>
    </Filter>
  </ItemGroup>
</Project>
