<?xml version="1.0" encoding="utf-8"?>
<Project ToolsVersion="16.0" xmlns="http://schemas.microsoft.com/developer/msbuild/2003">
  <ItemGroup>
    <CustomBuild Include="C:\Dependencies\Repos\llvm-project\Build\CMakeFiles\1a0c2e1c8e06e64a0b76a397839ef207\Attributes.inc.rule">
      <Filter>CMake Rules</Filter>
    </CustomBuild>
    <CustomBuild Include="C:\Dependencies\Repos\llvm-project\Build\CMakeFiles\1a0c2e1c8e06e64a0b76a397839ef207\IntrinsicImpl.inc.rule">
      <Filter>CMake Rules</Filter>
    </CustomBuild>
    <CustomBuild Include="C:\Dependencies\Repos\llvm-project\Build\CMakeFiles\1a0c2e1c8e06e64a0b76a397839ef207\IntrinsicEnums.inc.rule">
      <Filter>CMake Rules</Filter>
    </CustomBuild>
    <CustomBuild Include="C:\Dependencies\Repos\llvm-project\Build\CMakeFiles\1a0c2e1c8e06e64a0b76a397839ef207\IntrinsicsAArch64.h.rule">
      <Filter>CMake Rules</Filter>
    </CustomBuild>
    <CustomBuild Include="C:\Dependencies\Repos\llvm-project\Build\CMakeFiles\1a0c2e1c8e06e64a0b76a397839ef207\IntrinsicsAMDGPU.h.rule">
      <Filter>CMake Rules</Filter>
    </CustomBuild>
    <CustomBuild Include="C:\Dependencies\Repos\llvm-project\Build\CMakeFiles\1a0c2e1c8e06e64a0b76a397839ef207\IntrinsicsARM.h.rule">
      <Filter>CMake Rules</Filter>
    </CustomBuild>
    <CustomBuild Include="C:\Dependencies\Repos\llvm-project\Build\CMakeFiles\1a0c2e1c8e06e64a0b76a397839ef207\IntrinsicsBPF.h.rule">
      <Filter>CMake Rules</Filter>
    </CustomBuild>
    <CustomBuild Include="C:\Dependencies\Repos\llvm-project\Build\CMakeFiles\1a0c2e1c8e06e64a0b76a397839ef207\IntrinsicsHexagon.h.rule">
      <Filter>CMake Rules</Filter>
    </CustomBuild>
    <CustomBuild Include="C:\Dependencies\Repos\llvm-project\Build\CMakeFiles\1a0c2e1c8e06e64a0b76a397839ef207\IntrinsicsMips.h.rule">
      <Filter>CMake Rules</Filter>
    </CustomBuild>
    <CustomBuild Include="C:\Dependencies\Repos\llvm-project\Build\CMakeFiles\1a0c2e1c8e06e64a0b76a397839ef207\IntrinsicsNVPTX.h.rule">
      <Filter>CMake Rules</Filter>
    </CustomBuild>
    <CustomBuild Include="C:\Dependencies\Repos\llvm-project\Build\CMakeFiles\1a0c2e1c8e06e64a0b76a397839ef207\IntrinsicsPowerPC.h.rule">
      <Filter>CMake Rules</Filter>
    </CustomBuild>
    <CustomBuild Include="C:\Dependencies\Repos\llvm-project\Build\CMakeFiles\1a0c2e1c8e06e64a0b76a397839ef207\IntrinsicsR600.h.rule">
      <Filter>CMake Rules</Filter>
    </CustomBuild>
    <CustomBuild Include="C:\Dependencies\Repos\llvm-project\Build\CMakeFiles\1a0c2e1c8e06e64a0b76a397839ef207\IntrinsicsRISCV.h.rule">
      <Filter>CMake Rules</Filter>
    </CustomBuild>
    <CustomBuild Include="C:\Dependencies\Repos\llvm-project\Build\CMakeFiles\1a0c2e1c8e06e64a0b76a397839ef207\IntrinsicsS390.h.rule">
      <Filter>CMake Rules</Filter>
    </CustomBuild>
    <CustomBuild Include="C:\Dependencies\Repos\llvm-project\Build\CMakeFiles\1a0c2e1c8e06e64a0b76a397839ef207\IntrinsicsWebAssembly.h.rule">
      <Filter>CMake Rules</Filter>
    </CustomBuild>
    <CustomBuild Include="C:\Dependencies\Repos\llvm-project\Build\CMakeFiles\1a0c2e1c8e06e64a0b76a397839ef207\IntrinsicsX86.h.rule">
      <Filter>CMake Rules</Filter>
    </CustomBuild>
    <CustomBuild Include="C:\Dependencies\Repos\llvm-project\Build\CMakeFiles\1a0c2e1c8e06e64a0b76a397839ef207\IntrinsicsXCore.h.rule">
      <Filter>CMake Rules</Filter>
    </CustomBuild>
    <CustomBuild Include="C:\Dependencies\Repos\llvm-project\Build\CMakeFiles\1a0c2e1c8e06e64a0b76a397839ef207\IntrinsicsVE.h.rule">
      <Filter>CMake Rules</Filter>
    </CustomBuild>
    <CustomBuild Include="C:\Dependencies\Repos\llvm-project\Build\CMakeFiles\e24deed5f9ef8e30039f73386d8ad846\intrinsics_gen.rule">
      <Filter>CMake Rules</Filter>
    </CustomBuild>
    <CustomBuild Include="C:\Dependencies\Repos\llvm-project\llvm\include\llvm\IR\CMakeLists.txt" />
  </ItemGroup>
  <ItemGroup>
    <None Include="C:\Dependencies\Repos\llvm-project\Build\include\llvm\IR\CMakeFiles\intrinsics_gen" />
  </ItemGroup>
  <ItemGroup>
    <Filter Include="CMake Rules">
      <UniqueIdentifier>{910E9F2D-9F75-3297-BC33-F7AD12D32EAB}</UniqueIdentifier>
    </Filter>
  </ItemGroup>
</Project>
