<?xml version="1.0" encoding="utf-8"?>
<Project ToolsVersion="16.0" xmlns="http://schemas.microsoft.com/developer/msbuild/2003">
  <ItemGroup>
    <CustomBuild Include="C:\Dependencies\Repos\llvm-project\Build\CMakeFiles\72a5825611aca5f137ff6fcb82a04b7a\Options.inc.rule">
      <Filter>CMake Rules</Filter>
    </CustomBuild>
    <CustomBuild Include="C:\Dependencies\Repos\llvm-project\Build\CMakeFiles\ed4a64f8d7119442c39613be16f4a4a1\ClangDriverOptions.rule">
      <Filter>CMake Rules</Filter>
    </CustomBuild>
    <CustomBuild Include="C:\Dependencies\Repos\llvm-project\clang\include\clang\Driver\CMakeLists.txt" />
  </ItemGroup>
  <ItemGroup>
    <None Include="C:\Dependencies\Repos\llvm-project\Build\tools\clang\include\clang\Driver\CMakeFiles\ClangDriverOptions" />
  </ItemGroup>
  <ItemGroup>
    <Filter Include="CMake Rules">
      <UniqueIdentifier>{910E9F2D-9F75-3297-BC33-F7AD12D32EAB}</UniqueIdentifier>
    </Filter>
  </ItemGroup>
</Project>
